lockfileVersion: '9.0'

settings:
  autoInstallPeers: true
  excludeLinksFromLockfile: false

importers:

  .:
    dependencies:
      '@rtm/ingest':
        specifier: github:reportsthatmatter/ingest#v0.10.0
        version: https://codeload.github.com/reportsthatmatter/ingest/tar.gz/5440804809cca02642b199d06e5e78fd82dd3a34

packages:

  '@rtm/ingest@https://codeload.github.com/reportsthatmatter/ingest/tar.gz/5440804809cca02642b199d06e5e78fd82dd3a34':
    resolution: {gitHosted: true, tarball: https://codeload.github.com/reportsthatmatter/ingest/tar.gz/5440804809cca02642b199d06e5e78fd82dd3a34}
    version: 0.10.0

  yaml@2.9.0:
    resolution: {integrity: sha512-2AvhNX3mb8zd6Zy7INTtSpl1F15HW6Wnqj0srWlkKLcpYl/gMIMJiyuGq2KeI2YFxUPjdlB+3Lc10seMLtL4cA==}
    engines: {node: '>= 14.6'}
    hasBin: true

snapshots:

  '@rtm/ingest@https://codeload.github.com/reportsthatmatter/ingest/tar.gz/5440804809cca02642b199d06e5e78fd82dd3a34':
    dependencies:
      yaml: 2.9.0

  yaml@2.9.0: {}
